<?xml version="1.0" encoding="utf-8"?>
<Project ToolsVersion="4.0" xmlns="http://schemas.microsoft.com/developer/msbuild/2003">
  <ItemGroup>
    <Filter Include="ソース ファイル">
      <UniqueIdentifier>{4FC737F1-C7A5-4376-A066-2A32D752A2FF}</UniqueIdentifier>
      <Extensions>cpp;c;cc;cxx;c++;cppm;ixx;def;odl;idl;hpj;bat;asm;asmx</Extensions>
    </Filter>
    <Filter Include="ヘッダー ファイル">
      <UniqueIdentifier>{93995380-89BD-4b04-88EB-625FBE52EBFB}</UniqueIdentifier>
      <Extensions>h;hh;hpp;hxx;h++;hm;inl;inc;ipp;xsd</Extensions>
    </Filter>
    <Filter Include="リソース ファイル">
      <UniqueIdentifier>{67DA6AB6-F800-4c08-8B7A-83BB121AAD01}</UniqueIdentifier>
      <Extensions>rc;ico;cur;bmp;dlg;rc2;rct;bin;rgs;gif;jpg;jpeg;jpe;resx;tiff;tif;png;wav;mfcribbon-ms</Extensions>
    </Filter>
    <Filter Include="ヘッダー ファイル\MODE_GAME">
      <UniqueIdentifier>{70b7ffc4-0b30-4286-98c8-8062e46611b8}</UniqueIdentifier>
    </Filter>
    <Filter Include="ソース ファイル\MODE_GAME">
      <UniqueIdentifier>{923b8c00-149d-4ed8-897a-a3684d90e947}</UniqueIdentifier>
    </Filter>
    <Filter Include="ソース ファイル\MODE_GAME\MAP">
      <UniqueIdentifier>{4d916dc6-8b80-45c4-87dd-afda132c3d6c}</UniqueIdentifier>
    </Filter>
    <Filter Include="ヘッダー ファイル\MODE_GAME\MAP">
      <UniqueIdentifier>{3d2d0f48-4bda-49c2-8e68-ed5194a060c3}</UniqueIdentifier>
    </Filter>
    <Filter Include="ソース ファイル\MODE_GAME\player">
      <UniqueIdentifier>{76cfd35f-f5ec-4d35-bfeb-c532c540b510}</UniqueIdentifier>
    </Filter>
    <Filter Include="ヘッダー ファイル\MODE_GAME\player">
      <UniqueIdentifier>{2a3bd608-45a6-460a-9901-5d2650015f55}</UniqueIdentifier>
    </Filter>
    <Filter Include="ソース ファイル\MODE_GAME\enemy">
      <UniqueIdentifier>{d12078c5-4378-4fe2-9bf2-3fc60a8f92b5}</UniqueIdentifier>
    </Filter>
    <Filter Include="ヘッダー ファイル\MODE_GAME\enemy">
      <UniqueIdentifier>{1455a585-df8f-412e-bb68-44426a4ae6d4}</UniqueIdentifier>
    </Filter>
    <Filter Include="ソース ファイル\MODE_TITLE">
      <UniqueIdentifier>{b4ea6212-6406-4926-b2d7-4c406ce5337b}</UniqueIdentifier>
    </Filter>
    <Filter Include="ヘッダー ファイル\MODE_TITLE">
      <UniqueIdentifier>{2f0bd4df-f3fb-442a-8730-7e3684ae8e39}</UniqueIdentifier>
    </Filter>
  </ItemGroup>
  <ItemGroup>
    <ClInclude Include="renderer.h">
      <Filter>ヘッダー ファイル</Filter>
    </ClInclude>
    <ClInclude Include="sprite.h">
      <Filter>ヘッダー ファイル</Filter>
    </ClInclude>
    <ClInclude Include="camera.h">
      <Filter>ヘッダー ファイル</Filter>
    </ClInclude>
    <ClInclude Include="debugproc.h">
      <Filter>ヘッダー ファイル</Filter>
    </ClInclude>
    <ClInclude Include="main.h">
      <Filter>ヘッダー ファイル</Filter>
    </ClInclude>
    <ClInclude Include="text.h">
      <Filter>ヘッダー ファイル</Filter>
    </ClInclude>
    <ClInclude Include="game.h">
      <Filter>ヘッダー ファイル\MODE_GAME</Filter>
    </ClInclude>
    <ClInclude Include="collision.h">
      <Filter>ヘッダー ファイル\MODE_GAME</Filter>
    </ClInclude>
    <ClInclude Include="input.h">
      <Filter>ヘッダー ファイル</Filter>
    </ClInclude>
    <ClInclude Include="bg.h">
      <Filter>ヘッダー ファイル\MODE_GAME\MAP</Filter>
    </ClInclude>
    <ClInclude Include="MAP.h">
      <Filter>ヘッダー ファイル\MODE_GAME\MAP</Filter>
    </ClInclude>
    <ClInclude Include="Visual_tile.h">
      <Filter>ヘッダー ファイル\MODE_GAME\MAP</Filter>
    </ClInclude>
    <ClInclude Include="Ground_tile.h">
      <Filter>ヘッダー ファイル\MODE_GAME\MAP</Filter>
    </ClInclude>
    <ClInclude Include="set_map.h">
      <Filter>ヘッダー ファイル\MODE_GAME\MAP</Filter>
    </ClInclude>
    <ClInclude Include="sound.h">
      <Filter>ヘッダー ファイル</Filter>
    </ClInclude>
    <ClInclude Include="HUD.h">
      <Filter>ヘッダー ファイル\MODE_GAME\player</Filter>
    </ClInclude>
    <ClInclude Include="atk.h">
      <Filter>ヘッダー ファイル\MODE_GAME</Filter>
    </ClInclude>
    <ClInclude Include="enemy.h">
      <Filter>ヘッダー ファイル\MODE_GAME\enemy</Filter>
    </ClInclude>
    <ClInclude Include="enemy_Update.h">
      <Filter>ヘッダー ファイル\MODE_GAME\enemy</Filter>
    </ClInclude>
    <ClInclude Include="player.h">
      <Filter>ヘッダー ファイル\MODE_GAME\player</Filter>
    </ClInclude>
    <ClInclude Include="effect.h">
      <Filter>ヘッダー ファイル\MODE_GAME</Filter>
    </ClInclude>
    <ClInclude Include="title.h">
      <Filter>ヘッダー ファイル\MODE_TITLE</Filter>
    </ClInclude>
    <ClInclude Include="title_bg.h">
      <Filter>ヘッダー ファイル\MODE_TITLE</Filter>
    </ClInclude>
    <ClInclude Include="title_logo.h">
      <Filter>ヘッダー ファイル\MODE_TITLE</Filter>
    </ClInclude>
    <ClInclude Include="title_hud.h">
      <Filter>ヘッダー ファイル\MODE_TITLE</Filter>
    </ClInclude>
    <ClInclude Include="menue.h">
      <Filter>ヘッダー ファイル</Filter>
    </ClInclude>
  </ItemGroup>
  <ItemGroup>
    <ClCompile Include="main.cpp">
      <Filter>ソース ファイル</Filter>
    </ClCompile>
    <ClCompile Include="renderer.cpp">
      <Filter>ソース ファイル</Filter>
    </ClCompile>
    <ClCompile Include="sprite.cpp">
      <Filter>ソース ファイル</Filter>
    </ClCompile>
    <ClCompile Include="camera.cpp">
      <Filter>ソース ファイル</Filter>
    </ClCompile>
    <ClCompile Include="debugproc.cpp">
      <Filter>ソース ファイル</Filter>
    </ClCompile>
    <ClCompile Include="text.cpp">
      <Filter>ソース ファイル</Filter>
    </ClCompile>
    <ClCompile Include="game.cpp">
      <Filter>ソース ファイル\MODE_GAME</Filter>
    </ClCompile>
    <ClCompile Include="collision.cpp">
      <Filter>ソース ファイル\MODE_GAME</Filter>
    </ClCompile>
    <ClCompile Include="input.cpp">
      <Filter>ソース ファイル</Filter>
    </ClCompile>
    <ClCompile Include="bg.cpp">
      <Filter>ソース ファイル\MODE_GAME\MAP</Filter>
    </ClCompile>
    <ClCompile Include="MAP.cpp">
      <Filter>ソース ファイル\MODE_GAME\MAP</Filter>
    </ClCompile>
    <ClCompile Include="Visual_tile.cpp">
      <Filter>ソース ファイル\MODE_GAME\MAP</Filter>
    </ClCompile>
    <ClCompile Include="Ground_tile.cpp">
      <Filter>ソース ファイル\MODE_GAME\MAP</Filter>
    </ClCompile>
    <ClCompile Include="set_map.cpp">
      <Filter>ソース ファイル\MODE_GAME\MAP</Filter>
    </ClCompile>
    <ClCompile Include="player.cpp">
      <Filter>ソース ファイル\MODE_GAME\player</Filter>
    </ClCompile>
    <ClCompile Include="sound.cpp">
      <Filter>ソース ファイル</Filter>
    </ClCompile>
    <ClCompile Include="HUD.cpp">
      <Filter>ソース ファイル\MODE_GAME\player</Filter>
    </ClCompile>
    <ClCompile Include="atk.cpp">
      <Filter>ソース ファイル\MODE_GAME</Filter>
    </ClCompile>
    <ClCompile Include="enemy.cpp">
      <Filter>ソース ファイル\MODE_GAME\enemy</Filter>
    </ClCompile>
    <ClCompile Include="enemy_Update.cpp">
      <Filter>ソース ファイル\MODE_GAME\enemy</Filter>
    </ClCompile>
    <ClCompile Include="effect.cpp">
      <Filter>ソース ファイル\MODE_GAME</Filter>
    </ClCompile>
    <ClCompile Include="title.cpp">
      <Filter>ソース ファイル\MODE_TITLE</Filter>
    </ClCompile>
    <ClCompile Include="title_bg.cpp">
      <Filter>ソース ファイル\MODE_TITLE</Filter>
    </ClCompile>
    <ClCompile Include="title_logo.cpp">
      <Filter>ソース ファイル\MODE_TITLE</Filter>
    </ClCompile>
    <ClCompile Include="title_hud.cpp">
      <Filter>ソース ファイル\MODE_TITLE</Filter>
    </ClCompile>
    <ClCompile Include="menue.cpp">
      <Filter>ソース ファイル</Filter>
    </ClCompile>
  </ItemGroup>
</Project>